
Microsoft Visual Studio Solution File, Format Version 12.00
# Visual Studio 2012
Project("{FAE04EC0-301F-11D3-BF4B-00C04F79EFBC}") = "tictactoe", "tictactoe\tictactoe.csproj", "{E642D4CF-75EC-431E-9C8B-E71F8DB91B98}"
EndProject
Global
	GlobalSection(SolutionConfigurationPlatforms) = preSolution
		Debug|x86 = Debug|x86
		Release|x86 = Release|x86
	EndGlobalSection
	GlobalSection(ProjectConfigurationPlatforms) = postSolution
		{E642D4CF-75EC-431E-9C8B-E71F8DB91B98}.Debug|x86.ActiveCfg = Debug|x86
		{E642D4CF-75EC-431E-9C8B-E71F8DB91B98}.Debug|x86.Build.0 = Debug|x86
		{E642D4CF-75EC-431E-9C8B-E71F8DB91B98}.Release|x86.ActiveCfg = Release|x86
		{E642D4CF-75EC-431E-9C8B-E71F8DB91B98}.Release|x86.Build.0 = Release|x86
	EndGlobalSection
EndGlobal
